Microsoft Visual Studio Solution File, Format Version 12.00
# Visual Studio Version 17
VisualStudioVersion = 17.5.2.0
MinimumVisualStudioVersion = 10.0.40219.1
Project("{FAE04EC0-301F-11D3-BF4B-00C04F79EFBC}") = "GoogleCalendar2Excel", "GoogleCalendar2Excel.csproj", "{92061130-FB59-7CD4-412B-B966B86D279B}"
EndProject
Global
	GlobalSection(SolutionConfigurationPlatforms) = preSolution
		Debug|Any CPU = Debug|Any CPU
		Release|Any CPU = Release|Any CPU
	EndGlobalSection
	GlobalSection(ProjectConfigurationPlatforms) = postSolution
		{92061130-FB59-7CD4-412B-B966B86D279B}.Debug|Any CPU.ActiveCfg = Debug|Any CPU
		{92061130-FB59-7CD4-412B-B966B86D279B}.Debug|Any CPU.Build.0 = Debug|Any CPU
		{92061130-FB59-7CD4-412B-B966B86D279B}.Release|Any CPU.ActiveCfg = Release|Any CPU
		{92061130-FB59-7CD4-412B-B966B86D279B}.Release|Any CPU.Build.0 = Release|Any CPU
	EndGlobalSection
	GlobalSection(SolutionProperties) = preSolution
		HideSolutionNode = FALSE
	EndGlobalSection
	GlobalSection(ExtensibilityGlobals) = postSolution
		SolutionGuid = {121693DD-9CE1-4149-BE64-A66070037D7D}
	EndGlobalSection
EndGlobal
